
Microsoft Visual Studio Solution File, Format Version 12.00
# Visual Studio Version 18
VisualStudioVersion = 18.4.11612.150
MinimumVisualStudioVersion = 10.0.40219.1
Project("{FAE04EC0-301F-11D3-BF4B-00C04F79EFBC}") = "LoginWeb", "LoginWeb.csproj", "{90DBD311-D976-463E-9666-6BBAAFA00BEE}"
EndProject
Project("{FAE04EC0-301F-11D3-BF4B-00C04F79EFBC}") = "USServices", "..\RFFLDPLoginWeb components\Services\USServices.csproj", "{E6690784-C276-A244-7A7B-1D77C5DE4FC9}"
EndProject
Project("{FAE04EC0-301F-11D3-BF4B-00C04F79EFBC}") = "USRepositories", "..\RFFLDPLoginWeb components\Repositories\USRepositories.csproj", "{F68B1E96-890C-21AB-D4A7-7845F6328855}"
EndProject
Project("{FAE04EC0-301F-11D3-BF4B-00C04F79EFBC}") = "USModel", "..\RFFLDPLoginWeb components\Model\USModel.csproj", "{244855FE-C58A-D947-36D3-FA0F61245ECA}"
EndProject
Project("{FAE04EC0-301F-11D3-BF4B-00C04F79EFBC}") = "MSRepositories", "..\RFFLDPLoginWeb components\MessageSystemRepositories\MSRepositories.csproj", "{CF3A6F2C-CC74-49C1-B4FF-C6AF13B50DD3}"
EndProject
Project("{FAE04EC0-301F-11D3-BF4B-00C04F79EFBC}") = "MSServices", "..\RFFLDPLoginWeb components\MSServices\MSServices.csproj", "{E015F228-ADAB-4720-BB99-A7289E3AB05D}"
EndProject
Project("{FAE04EC0-301F-11D3-BF4B-00C04F79EFBC}") = "MSModel", "..\RFFLDPLoginWeb components\MSModel\MSModel.csproj", "{87C6DA88-520C-4D41-B125-88B7F5CB7C5E}"
EndProject
Global
	GlobalSection(SolutionConfigurationPlatforms) = preSolution
		Debug|Any CPU = Debug|Any CPU
		Release|Any CPU = Release|Any CPU
	EndGlobalSection
	GlobalSection(ProjectConfigurationPlatforms) = postSolution
		{90DBD311-D976-463E-9666-6BBAAFA00BEE}.Debug|Any CPU.ActiveCfg = Debug|Any CPU
		{90DBD311-D976-463E-9666-6BBAAFA00BEE}.Debug|Any CPU.Build.0 = Debug|Any CPU
		{90DBD311-D976-463E-9666-6BBAAFA00BEE}.Release|Any CPU.ActiveCfg = Release|Any CPU
		{90DBD311-D976-463E-9666-6BBAAFA00BEE}.Release|Any CPU.Build.0 = Release|Any CPU
		{E6690784-C276-A244-7A7B-1D77C5DE4FC9}.Debug|Any CPU.ActiveCfg = Debug|Any CPU
		{E6690784-C276-A244-7A7B-1D77C5DE4FC9}.Debug|Any CPU.Build.0 = Debug|Any CPU
		{E6690784-C276-A244-7A7B-1D77C5DE4FC9}.Release|Any CPU.ActiveCfg = Release|Any CPU
		{E6690784-C276-A244-7A7B-1D77C5DE4FC9}.Release|Any CPU.Build.0 = Release|Any CPU
		{F68B1E96-890C-21AB-D4A7-7845F6328855}.Debug|Any CPU.ActiveCfg = Debug|Any CPU
		{F68B1E96-890C-21AB-D4A7-7845F6328855}.Debug|Any CPU.Build.0 = Debug|Any CPU
		{F68B1E96-890C-21AB-D4A7-7845F6328855}.Release|Any CPU.ActiveCfg = Release|Any CPU
		{F68B1E96-890C-21AB-D4A7-7845F6328855}.Release|Any CPU.Build.0 = Release|Any CPU
		{244855FE-C58A-D947-36D3-FA0F61245ECA}.Debug|Any CPU.ActiveCfg = Debug|Any CPU
		{244855FE-C58A-D947-36D3-FA0F61245ECA}.Debug|Any CPU.Build.0 = Debug|Any CPU
		{244855FE-C58A-D947-36D3-FA0F61245ECA}.Release|Any CPU.ActiveCfg = Release|Any CPU
		{244855FE-C58A-D947-36D3-FA0F61245ECA}.Release|Any CPU.Build.0 = Release|Any CPU
		{CF3A6F2C-CC74-49C1-B4FF-C6AF13B50DD3}.Debug|Any CPU.ActiveCfg = Debug|Any CPU
		{CF3A6F2C-CC74-49C1-B4FF-C6AF13B50DD3}.Debug|Any CPU.Build.0 = Debug|Any CPU
		{CF3A6F2C-CC74-49C1-B4FF-C6AF13B50DD3}.Release|Any CPU.ActiveCfg = Release|Any CPU
		{CF3A6F2C-CC74-49C1-B4FF-C6AF13B50DD3}.Release|Any CPU.Build.0 = Release|Any CPU
		{E015F228-ADAB-4720-BB99-A7289E3AB05D}.Debug|Any CPU.ActiveCfg = Debug|Any CPU
		{E015F228-ADAB-4720-BB99-A7289E3AB05D}.Debug|Any CPU.Build.0 = Debug|Any CPU
		{E015F228-ADAB-4720-BB99-A7289E3AB05D}.Release|Any CPU.ActiveCfg = Release|Any CPU
		{E015F228-ADAB-4720-BB99-A7289E3AB05D}.Release|Any CPU.Build.0 = Release|Any CPU
		{87C6DA88-520C-4D41-B125-88B7F5CB7C5E}.Debug|Any CPU.ActiveCfg = Debug|Any CPU
		{87C6DA88-520C-4D41-B125-88B7F5CB7C5E}.Debug|Any CPU.Build.0 = Debug|Any CPU
		{87C6DA88-520C-4D41-B125-88B7F5CB7C5E}.Release|Any CPU.ActiveCfg = Release|Any CPU
		{87C6DA88-520C-4D41-B125-88B7F5CB7C5E}.Release|Any CPU.Build.0 = Release|Any CPU
	EndGlobalSection
	GlobalSection(SolutionProperties) = preSolution
		HideSolutionNode = FALSE
	EndGlobalSection
	GlobalSection(ExtensibilityGlobals) = postSolution
		SolutionGuid = {47D26D5E-F897-4631-A665-39156F2F1E2E}
	EndGlobalSection
EndGlobal
