
Microsoft Visual Studio Solution File, Format Version 12.00
# Visual Studio Version 18
VisualStudioVersion = 18.4.11612.150
MinimumVisualStudioVersion = 10.0.40219.1
Project("{FAE04EC0-301F-11D3-BF4B-00C04F79EFBC}") = "LoginWeb", "LoginWeb.csproj", "{90DBD311-D976-463E-9666-6BBAAFA00BEE}"
EndProject
Project("{FAE04EC0-301F-11D3-BF4B-00C04F79EFBC}") = "USModel", "..\components\USModel\USModel.csproj", "{75F80B12-DF4F-D885-3844-2EB3CD07F236}"
EndProject
Project("{FAE04EC0-301F-11D3-BF4B-00C04F79EFBC}") = "USRepositories", "..\components\USRepositories\USRepositories.csproj", "{F1794D35-42A5-F18F-0F70-167C85B96526}"
EndProject
Project("{FAE04EC0-301F-11D3-BF4B-00C04F79EFBC}") = "USServices", "..\components\USServices\USServices.csproj", "{4E52DE3E-EFE2-21EF-931F-AA3689CE1054}"
EndProject
Project("{FAE04EC0-301F-11D3-BF4B-00C04F79EFBC}") = "MSModel", "..\components\MSModel\MSModel.csproj", "{4E034734-050C-83D1-6A67-BD6D36DC2DF9}"
EndProject
Project("{FAE04EC0-301F-11D3-BF4B-00C04F79EFBC}") = "MSRepositories", "..\components\MSRepositories\MSRepositories.csproj", "{8DFFC4B8-1DD4-4DFA-DDAE-D7CB44DAAD0A}"
EndProject
Project("{FAE04EC0-301F-11D3-BF4B-00C04F79EFBC}") = "MSServices", "..\components\MSServices\MSServices.csproj", "{A58C0E5F-755C-DED8-236D-5854717C836C}"
EndProject
Global
	GlobalSection(SolutionConfigurationPlatforms) = preSolution
		Debug|Any CPU = Debug|Any CPU
		Release|Any CPU = Release|Any CPU
	EndGlobalSection
	GlobalSection(ProjectConfigurationPlatforms) = postSolution
		{90DBD311-D976-463E-9666-6BBAAFA00BEE}.Debug|Any CPU.ActiveCfg = Debug|Any CPU
		{90DBD311-D976-463E-9666-6BBAAFA00BEE}.Debug|Any CPU.Build.0 = Debug|Any CPU
		{90DBD311-D976-463E-9666-6BBAAFA00BEE}.Release|Any CPU.ActiveCfg = Release|Any CPU
		{90DBD311-D976-463E-9666-6BBAAFA00BEE}.Release|Any CPU.Build.0 = Release|Any CPU
		{75F80B12-DF4F-D885-3844-2EB3CD07F236}.Debug|Any CPU.ActiveCfg = Debug|Any CPU
		{75F80B12-DF4F-D885-3844-2EB3CD07F236}.Debug|Any CPU.Build.0 = Debug|Any CPU
		{75F80B12-DF4F-D885-3844-2EB3CD07F236}.Release|Any CPU.ActiveCfg = Release|Any CPU
		{75F80B12-DF4F-D885-3844-2EB3CD07F236}.Release|Any CPU.Build.0 = Release|Any CPU
		{F1794D35-42A5-F18F-0F70-167C85B96526}.Debug|Any CPU.ActiveCfg = Debug|Any CPU
		{F1794D35-42A5-F18F-0F70-167C85B96526}.Debug|Any CPU.Build.0 = Debug|Any CPU
		{F1794D35-42A5-F18F-0F70-167C85B96526}.Release|Any CPU.ActiveCfg = Release|Any CPU
		{F1794D35-42A5-F18F-0F70-167C85B96526}.Release|Any CPU.Build.0 = Release|Any CPU
		{4E52DE3E-EFE2-21EF-931F-AA3689CE1054}.Debug|Any CPU.ActiveCfg = Debug|Any CPU
		{4E52DE3E-EFE2-21EF-931F-AA3689CE1054}.Debug|Any CPU.Build.0 = Debug|Any CPU
		{4E52DE3E-EFE2-21EF-931F-AA3689CE1054}.Release|Any CPU.ActiveCfg = Release|Any CPU
		{4E52DE3E-EFE2-21EF-931F-AA3689CE1054}.Release|Any CPU.Build.0 = Release|Any CPU
		{4E034734-050C-83D1-6A67-BD6D36DC2DF9}.Debug|Any CPU.ActiveCfg = Debug|Any CPU
		{4E034734-050C-83D1-6A67-BD6D36DC2DF9}.Debug|Any CPU.Build.0 = Debug|Any CPU
		{4E034734-050C-83D1-6A67-BD6D36DC2DF9}.Release|Any CPU.ActiveCfg = Release|Any CPU
		{4E034734-050C-83D1-6A67-BD6D36DC2DF9}.Release|Any CPU.Build.0 = Release|Any CPU
		{8DFFC4B8-1DD4-4DFA-DDAE-D7CB44DAAD0A}.Debug|Any CPU.ActiveCfg = Debug|Any CPU
		{8DFFC4B8-1DD4-4DFA-DDAE-D7CB44DAAD0A}.Debug|Any CPU.Build.0 = Debug|Any CPU
		{8DFFC4B8-1DD4-4DFA-DDAE-D7CB44DAAD0A}.Release|Any CPU.ActiveCfg = Release|Any CPU
		{8DFFC4B8-1DD4-4DFA-DDAE-D7CB44DAAD0A}.Release|Any CPU.Build.0 = Release|Any CPU
		{A58C0E5F-755C-DED8-236D-5854717C836C}.Debug|Any CPU.ActiveCfg = Debug|Any CPU
		{A58C0E5F-755C-DED8-236D-5854717C836C}.Debug|Any CPU.Build.0 = Debug|Any CPU
		{A58C0E5F-755C-DED8-236D-5854717C836C}.Release|Any CPU.ActiveCfg = Release|Any CPU
		{A58C0E5F-755C-DED8-236D-5854717C836C}.Release|Any CPU.Build.0 = Release|Any CPU
	EndGlobalSection
	GlobalSection(SolutionProperties) = preSolution
		HideSolutionNode = FALSE
	EndGlobalSection
	GlobalSection(ExtensibilityGlobals) = postSolution
		SolutionGuid = {47D26D5E-F897-4631-A665-39156F2F1E2E}
	EndGlobalSection
EndGlobal
